
Microsoft Visual Studio Solution File, Format Version 12.00
# Visual Studio Version 17
VisualStudioVersion = 17.0.32002.185
MinimumVisualStudioVersion = 10.0.40219.1
Project("{FAE04EC0-301F-11D3-BF4B-00C04F79EFBC}") = "insta-scrapper", "insta-scrapper\insta-scrapper.csproj", "{A4709AE6-6411-4AA4-B438-5F2124BA2B40}"
EndProject
Global
	GlobalSection(SolutionConfigurationPlatforms) = preSolution
		Debug|Any CPU = Debug|Any CPU
		Release|Any CPU = Release|Any CPU
	EndGlobalSection
	GlobalSection(ProjectConfigurationPlatforms) = postSolution
		{A4709AE6-6411-4AA4-B438-5F2124BA2B40}.Debug|Any CPU.ActiveCfg = Debug|Any CPU
		{A4709AE6-6411-4AA4-B438-5F2124BA2B40}.Debug|Any CPU.Build.0 = Debug|Any CPU
		{A4709AE6-6411-4AA4-B438-5F2124BA2B40}.Release|Any CPU.ActiveCfg = Release|Any CPU
		{A4709AE6-6411-4AA4-B438-5F2124BA2B40}.Release|Any CPU.Build.0 = Release|Any CPU
	EndGlobalSection
	GlobalSection(SolutionProperties) = preSolution
		HideSolutionNode = FALSE
	EndGlobalSection
	GlobalSection(ExtensibilityGlobals) = postSolution
		SolutionGuid = {1FAB1C9F-7A20-414A-A3A3-2206CA554D41}
	EndGlobalSection
EndGlobal
